
Microsoft Visual Studio Solution File, Format Version 12.00
# Visual Studio 15
VisualStudioVersion = 15.0.28307.421
MinimumVisualStudioVersion = 10.0.40219.1
Project("{9A19103F-16F7-4668-BE54-9A1E7A4F7556}") = "01. Day of Week", "01. Day of Week\01. Day of Week.csproj", "{9548A622-1A22-4E12-98A1-CCBCB96DC432}"
EndProject
Project("{9A19103F-16F7-4668-BE54-9A1E7A4F7556}") = "02. Randomize Words", "02. Randomize Words\02. Randomize Words.csproj", "{A0E5F18F-D9AF-4963-9512-0988F0F2A520}"
EndProject
Project("{9A19103F-16F7-4668-BE54-9A1E7A4F7556}") = "03. Big Factorial", "03. Big Factorial\03. Big Factorial.csproj", "{FC8E391B-9335-4411-8880-754B272402D1}"
EndProject
Project("{9A19103F-16F7-4668-BE54-9A1E7A4F7556}") = "04. Songs", "04. Songs\04. Songs.csproj", "{BDB0DEF0-1029-4502-94F1-DCDDEC3999EF}"
EndProject
Project("{9A19103F-16F7-4668-BE54-9A1E7A4F7556}") = "05. Students", "05. Students\05. Students.csproj", "{9E77D742-9B46-4DA4-A07A-FE181FD8ADFD}"
EndProject
Project("{9A19103F-16F7-4668-BE54-9A1E7A4F7556}") = "07. Store Boxes", "07. Store Boxes\07. Store Boxes.csproj", "{84DA5F3F-4230-4CD5-9744-FA6783DBF8A5}"
EndProject
Project("{9A19103F-16F7-4668-BE54-9A1E7A4F7556}") = "08. Vehicle Catalogue", "08. Vehicle Catalogue\08. Vehicle Catalogue.csproj", "{E7E0E60B-8C91-4230-B908-B598F7EF815B}"
EndProject
Project("{9A19103F-16F7-4668-BE54-9A1E7A4F7556}") = "01.Advertisement Message", "01.Advertisement Message\01.Advertisement Message.csproj", "{3C0BE099-051F-4B83-9763-8AAEC1B4DEC7}"
EndProject
Project("{9A19103F-16F7-4668-BE54-9A1E7A4F7556}") = "02.Articles", "02.Articles\02.Articles.csproj", "{B14CABF5-E4AB-4466-B1DC-891C5A86F6DF}"
EndProject
Project("{9A19103F-16F7-4668-BE54-9A1E7A4F7556}") = "04. Students", "04. Students\04. Students.csproj", "{D301C8E8-8EB9-4A18-BDE1-3FB8ED5AF8A3}"
EndProject
Project("{9A19103F-16F7-4668-BE54-9A1E7A4F7556}") = "05.Teamwork projects", "05.Teamwork projects\05.Teamwork projects.csproj", "{04235ACB-0480-4C29-9B50-8E6C848B1BE5}"
EndProject
Project("{9A19103F-16F7-4668-BE54-9A1E7A4F7556}") = "01Company Roster", "01Company Roster\01Company Roster.csproj", "{5FB8B90E-49EE-444A-A25B-511347B56AEC}"
EndProject
Project("{FAE04EC0-301F-11D3-BF4B-00C04F79EFBC}") = "02Oldest Family Member", "02Oldest Family Member\02Oldest Family Member.csproj", "{BA41C9D7-B965-4F43-A882-6B4F2CF3ACBB}"
EndProject
Project("{FAE04EC0-301F-11D3-BF4B-00C04F79EFBC}") = "03Speed Racing", "03Speed Racing\03Speed Racing.csproj", "{B177DC65-4D4C-4732-855B-4CF9E6DD8147}"
EndProject
Global
	GlobalSection(SolutionConfigurationPlatforms) = preSolution
		Debug|Any CPU = Debug|Any CPU
		Release|Any CPU = Release|Any CPU
	EndGlobalSection
	GlobalSection(ProjectConfigurationPlatforms) = postSolution
		{9548A622-1A22-4E12-98A1-CCBCB96DC432}.Debug|Any CPU.ActiveCfg = Debug|Any CPU
		{9548A622-1A22-4E12-98A1-CCBCB96DC432}.Debug|Any CPU.Build.0 = Debug|Any CPU
		{9548A622-1A22-4E12-98A1-CCBCB96DC432}.Release|Any CPU.ActiveCfg = Release|Any CPU
		{9548A622-1A22-4E12-98A1-CCBCB96DC432}.Release|Any CPU.Build.0 = Release|Any CPU
		{A0E5F18F-D9AF-4963-9512-0988F0F2A520}.Debug|Any CPU.ActiveCfg = Debug|Any CPU
		{A0E5F18F-D9AF-4963-9512-0988F0F2A520}.Debug|Any CPU.Build.0 = Debug|Any CPU
		{A0E5F18F-D9AF-4963-9512-0988F0F2A520}.Release|Any CPU.ActiveCfg = Release|Any CPU
		{A0E5F18F-D9AF-4963-9512-0988F0F2A520}.Release|Any CPU.Build.0 = Release|Any CPU
		{FC8E391B-9335-4411-8880-754B272402D1}.Debug|Any CPU.ActiveCfg = Debug|Any CPU
		{FC8E391B-9335-4411-8880-754B272402D1}.Debug|Any CPU.Build.0 = Debug|Any CPU
		{FC8E391B-9335-4411-8880-754B272402D1}.Release|Any CPU.ActiveCfg = Release|Any CPU
		{FC8E391B-9335-4411-8880-754B272402D1}.Release|Any CPU.Build.0 = Release|Any CPU
		{BDB0DEF0-1029-4502-94F1-DCDDEC3999EF}.Debug|Any CPU.ActiveCfg = Debug|Any CPU
		{BDB0DEF0-1029-4502-94F1-DCDDEC3999EF}.Debug|Any CPU.Build.0 = Debug|Any CPU
		{BDB0DEF0-1029-4502-94F1-DCDDEC3999EF}.Release|Any CPU.ActiveCfg = Release|Any CPU
		{BDB0DEF0-1029-4502-94F1-DCDDEC3999EF}.Release|Any CPU.Build.0 = Release|Any CPU
		{9E77D742-9B46-4DA4-A07A-FE181FD8ADFD}.Debug|Any CPU.ActiveCfg = Debug|Any CPU
		{9E77D742-9B46-4DA4-A07A-FE181FD8ADFD}.Debug|Any CPU.Build.0 = Debug|Any CPU
		{9E77D742-9B46-4DA4-A07A-FE181FD8ADFD}.Release|Any CPU.ActiveCfg = Release|Any CPU
		{9E77D742-9B46-4DA4-A07A-FE181FD8ADFD}.Release|Any CPU.Build.0 = Release|Any CPU
		{84DA5F3F-4230-4CD5-9744-FA6783DBF8A5}.Debug|Any CPU.ActiveCfg = Debug|Any CPU
		{84DA5F3F-4230-4CD5-9744-FA6783DBF8A5}.Debug|Any CPU.Build.0 = Debug|Any CPU
		{84DA5F3F-4230-4CD5-9744-FA6783DBF8A5}.Release|Any CPU.ActiveCfg = Release|Any CPU
		{84DA5F3F-4230-4CD5-9744-FA6783DBF8A5}.Release|Any CPU.Build.0 = Release|Any CPU
		{E7E0E60B-8C91-4230-B908-B598F7EF815B}.Debug|Any CPU.ActiveCfg = Debug|Any CPU
		{E7E0E60B-8C91-4230-B908-B598F7EF815B}.Debug|Any CPU.Build.0 = Debug|Any CPU
		{E7E0E60B-8C91-4230-B908-B598F7EF815B}.Release|Any CPU.ActiveCfg = Release|Any CPU
		{E7E0E60B-8C91-4230-B908-B598F7EF815B}.Release|Any CPU.Build.0 = Release|Any CPU
		{3C0BE099-051F-4B83-9763-8AAEC1B4DEC7}.Debug|Any CPU.ActiveCfg = Debug|Any CPU
		{3C0BE099-051F-4B83-9763-8AAEC1B4DEC7}.Debug|Any CPU.Build.0 = Debug|Any CPU
		{3C0BE099-051F-4B83-9763-8AAEC1B4DEC7}.Release|Any CPU.ActiveCfg = Release|Any CPU
		{3C0BE099-051F-4B83-9763-8AAEC1B4DEC7}.Release|Any CPU.Build.0 = Release|Any CPU
		{B14CABF5-E4AB-4466-B1DC-891C5A86F6DF}.Debug|Any CPU.ActiveCfg = Debug|Any CPU
		{B14CABF5-E4AB-4466-B1DC-891C5A86F6DF}.Debug|Any CPU.Build.0 = Debug|Any CPU
		{B14CABF5-E4AB-4466-B1DC-891C5A86F6DF}.Release|Any CPU.ActiveCfg = Release|Any CPU
		{B14CABF5-E4AB-4466-B1DC-891C5A86F6DF}.Release|Any CPU.Build.0 = Release|Any CPU
		{D301C8E8-8EB9-4A18-BDE1-3FB8ED5AF8A3}.Debug|Any CPU.ActiveCfg = Debug|Any CPU
		{D301C8E8-8EB9-4A18-BDE1-3FB8ED5AF8A3}.Debug|Any CPU.Build.0 = Debug|Any CPU
		{D301C8E8-8EB9-4A18-BDE1-3FB8ED5AF8A3}.Release|Any CPU.ActiveCfg = Release|Any CPU
		{D301C8E8-8EB9-4A18-BDE1-3FB8ED5AF8A3}.Release|Any CPU.Build.0 = Release|Any CPU
		{04235ACB-0480-4C29-9B50-8E6C848B1BE5}.Debug|Any CPU.ActiveCfg = Debug|Any CPU
		{04235ACB-0480-4C29-9B50-8E6C848B1BE5}.Debug|Any CPU.Build.0 = Debug|Any CPU
		{04235ACB-0480-4C29-9B50-8E6C848B1BE5}.Release|Any CPU.ActiveCfg = Release|Any CPU
		{04235ACB-0480-4C29-9B50-8E6C848B1BE5}.Release|Any CPU.Build.0 = Release|Any CPU
		{5FB8B90E-49EE-444A-A25B-511347B56AEC}.Debug|Any CPU.ActiveCfg = Debug|Any CPU
		{5FB8B90E-49EE-444A-A25B-511347B56AEC}.Debug|Any CPU.Build.0 = Debug|Any CPU
		{5FB8B90E-49EE-444A-A25B-511347B56AEC}.Release|Any CPU.ActiveCfg = Release|Any CPU
		{5FB8B90E-49EE-444A-A25B-511347B56AEC}.Release|Any CPU.Build.0 = Release|Any CPU
		{BA41C9D7-B965-4F43-A882-6B4F2CF3ACBB}.Debug|Any CPU.ActiveCfg = Debug|Any CPU
		{BA41C9D7-B965-4F43-A882-6B4F2CF3ACBB}.Debug|Any CPU.Build.0 = Debug|Any CPU
		{BA41C9D7-B965-4F43-A882-6B4F2CF3ACBB}.Release|Any CPU.ActiveCfg = Release|Any CPU
		{BA41C9D7-B965-4F43-A882-6B4F2CF3ACBB}.Release|Any CPU.Build.0 = Release|Any CPU
		{B177DC65-4D4C-4732-855B-4CF9E6DD8147}.Debug|Any CPU.ActiveCfg = Debug|Any CPU
		{B177DC65-4D4C-4732-855B-4CF9E6DD8147}.Debug|Any CPU.Build.0 = Debug|Any CPU
		{B177DC65-4D4C-4732-855B-4CF9E6DD8147}.Release|Any CPU.ActiveCfg = Release|Any CPU
		{B177DC65-4D4C-4732-855B-4CF9E6DD8147}.Release|Any CPU.Build.0 = Release|Any CPU
	EndGlobalSection
	GlobalSection(SolutionProperties) = preSolution
		HideSolutionNode = FALSE
	EndGlobalSection
	GlobalSection(ExtensibilityGlobals) = postSolution
		SolutionGuid = {B8CB6C99-81C8-4C57-BD01-01B885E60E86}
	EndGlobalSection
EndGlobal
