
Microsoft Visual Studio Solution File, Format Version 12.00
# Visual Studio 15
VisualStudioVersion = 15.0.28307.421
MinimumVisualStudioVersion = 10.0.40219.1
Project("{FAE04EC0-301F-11D3-BF4B-00C04F79EFBC}") = "01. Distance", "01. Distance\01. Distance.csproj", "{EDD961DD-5F77-458A-AF6F-7E3E7D53D3A8}"
EndProject
Project("{FAE04EC0-301F-11D3-BF4B-00C04F79EFBC}") = "02. Change Tiles", "02. Change Tiles\02. Change Tiles.csproj", "{C82B88A0-2B15-4766-826B-9F225C5CD99E}"
EndProject
Project("{FAE04EC0-301F-11D3-BF4B-00C04F79EFBC}") = "03. Flowers", "03. Flowers\03. Flowers.csproj", "{27FD9DE1-06D0-42B4-ADD1-A7F71807816C}"
EndProject
Project("{FAE04EC0-301F-11D3-BF4B-00C04F79EFBC}") = "04. Grades", "04. Grades\04. Grades.csproj", "{AF5E789E-537A-4233-91BC-2F4F9C16B645}"
EndProject
Project("{FAE04EC0-301F-11D3-BF4B-00C04F79EFBC}") = "05. Christmas Hat", "05. Christmas Hat\05. Christmas Hat.csproj", "{999DCC47-2192-4F75-86EB-BDE535D207D9}"
EndProject
Project("{FAE04EC0-301F-11D3-BF4B-00C04F79EFBC}") = "06. Letters Combinations", "06. Letters Combinations\06. Letters Combinations.csproj", "{266DC42C-3005-423B-9920-21E7F0CB3C5E}"
EndProject
Global
	GlobalSection(SolutionConfigurationPlatforms) = preSolution
		Debug|Any CPU = Debug|Any CPU
		Release|Any CPU = Release|Any CPU
	EndGlobalSection
	GlobalSection(ProjectConfigurationPlatforms) = postSolution
		{EDD961DD-5F77-458A-AF6F-7E3E7D53D3A8}.Debug|Any CPU.ActiveCfg = Debug|Any CPU
		{EDD961DD-5F77-458A-AF6F-7E3E7D53D3A8}.Debug|Any CPU.Build.0 = Debug|Any CPU
		{EDD961DD-5F77-458A-AF6F-7E3E7D53D3A8}.Release|Any CPU.ActiveCfg = Release|Any CPU
		{EDD961DD-5F77-458A-AF6F-7E3E7D53D3A8}.Release|Any CPU.Build.0 = Release|Any CPU
		{C82B88A0-2B15-4766-826B-9F225C5CD99E}.Debug|Any CPU.ActiveCfg = Debug|Any CPU
		{C82B88A0-2B15-4766-826B-9F225C5CD99E}.Debug|Any CPU.Build.0 = Debug|Any CPU
		{C82B88A0-2B15-4766-826B-9F225C5CD99E}.Release|Any CPU.ActiveCfg = Release|Any CPU
		{C82B88A0-2B15-4766-826B-9F225C5CD99E}.Release|Any CPU.Build.0 = Release|Any CPU
		{27FD9DE1-06D0-42B4-ADD1-A7F71807816C}.Debug|Any CPU.ActiveCfg = Debug|Any CPU
		{27FD9DE1-06D0-42B4-ADD1-A7F71807816C}.Debug|Any CPU.Build.0 = Debug|Any CPU
		{27FD9DE1-06D0-42B4-ADD1-A7F71807816C}.Release|Any CPU.ActiveCfg = Release|Any CPU
		{27FD9DE1-06D0-42B4-ADD1-A7F71807816C}.Release|Any CPU.Build.0 = Release|Any CPU
		{AF5E789E-537A-4233-91BC-2F4F9C16B645}.Debug|Any CPU.ActiveCfg = Debug|Any CPU
		{AF5E789E-537A-4233-91BC-2F4F9C16B645}.Debug|Any CPU.Build.0 = Debug|Any CPU
		{AF5E789E-537A-4233-91BC-2F4F9C16B645}.Release|Any CPU.ActiveCfg = Release|Any CPU
		{AF5E789E-537A-4233-91BC-2F4F9C16B645}.Release|Any CPU.Build.0 = Release|Any CPU
		{999DCC47-2192-4F75-86EB-BDE535D207D9}.Debug|Any CPU.ActiveCfg = Debug|Any CPU
		{999DCC47-2192-4F75-86EB-BDE535D207D9}.Debug|Any CPU.Build.0 = Debug|Any CPU
		{999DCC47-2192-4F75-86EB-BDE535D207D9}.Release|Any CPU.ActiveCfg = Release|Any CPU
		{999DCC47-2192-4F75-86EB-BDE535D207D9}.Release|Any CPU.Build.0 = Release|Any CPU
		{266DC42C-3005-423B-9920-21E7F0CB3C5E}.Debug|Any CPU.ActiveCfg = Debug|Any CPU
		{266DC42C-3005-423B-9920-21E7F0CB3C5E}.Debug|Any CPU.Build.0 = Debug|Any CPU
		{266DC42C-3005-423B-9920-21E7F0CB3C5E}.Release|Any CPU.ActiveCfg = Release|Any CPU
		{266DC42C-3005-423B-9920-21E7F0CB3C5E}.Release|Any CPU.Build.0 = Release|Any CPU
	EndGlobalSection
	GlobalSection(SolutionProperties) = preSolution
		HideSolutionNode = FALSE
	EndGlobalSection
	GlobalSection(ExtensibilityGlobals) = postSolution
		SolutionGuid = {B5184F94-3E35-4159-B4D4-9DB65DF34B50}
	EndGlobalSection
EndGlobal
