
Microsoft Visual Studio Solution File, Format Version 12.00
# Visual Studio Version 16
VisualStudioVersion = 16.0.30114.105
MinimumVisualStudioVersion = 10.0.40219.1
Project("{FAE04EC0-301F-11D3-BF4B-00C04F79EFBC}") = "Demo", "Demo\Demo.csproj", "{FAB48F9D-1CB7-4F34-BEFA-14D3463A696E}"
EndProject
Project("{FAE04EC0-301F-11D3-BF4B-00C04F79EFBC}") = "CommandPattern", "CommandPattern\CommandPattern.csproj", "{534779A1-0F8B-4868-9C66-CB0813D1BB2C}"
EndProject
Project("{FAE04EC0-301F-11D3-BF4B-00C04F79EFBC}") = "Demo.MyTests", "Demo.MyTests\Demo.MyTests.csproj", "{EB6CEE93-A394-41E9-893F-6B7A2C1E10C9}"
EndProject
Project("{FAE04EC0-301F-11D3-BF4B-00C04F79EFBC}") = "Demo.Tests", "Demo.Tests\Demo.Tests.csproj", "{A3C131D2-1E74-4D61-B055-2963A516E43C}"
EndProject
Project("{FAE04EC0-301F-11D3-BF4B-00C04F79EFBC}") = "MyTestingFramework", "MyTestingFramework\MyTestingFramework.csproj", "{5DC4C692-EB33-4D91-9C54-FF340F44B63C}"
EndProject
Project("{FAE04EC0-301F-11D3-BF4B-00C04F79EFBC}") = "ValidationAttributes", "ValidationAttributes\ValidationAttributes.csproj", "{BABE672D-0A7E-46E2-A612-290F8101B0BA}"
EndProject
Global
	GlobalSection(SolutionConfigurationPlatforms) = preSolution
		Debug|Any CPU = Debug|Any CPU
		Debug|x64 = Debug|x64
		Debug|x86 = Debug|x86
		Release|Any CPU = Release|Any CPU
		Release|x64 = Release|x64
		Release|x86 = Release|x86
	EndGlobalSection
	GlobalSection(SolutionProperties) = preSolution
		HideSolutionNode = FALSE
	EndGlobalSection
	GlobalSection(ProjectConfigurationPlatforms) = postSolution
		{FAB48F9D-1CB7-4F34-BEFA-14D3463A696E}.Debug|Any CPU.ActiveCfg = Debug|Any CPU
		{FAB48F9D-1CB7-4F34-BEFA-14D3463A696E}.Debug|Any CPU.Build.0 = Debug|Any CPU
		{FAB48F9D-1CB7-4F34-BEFA-14D3463A696E}.Debug|x64.ActiveCfg = Debug|Any CPU
		{FAB48F9D-1CB7-4F34-BEFA-14D3463A696E}.Debug|x64.Build.0 = Debug|Any CPU
		{FAB48F9D-1CB7-4F34-BEFA-14D3463A696E}.Debug|x86.ActiveCfg = Debug|Any CPU
		{FAB48F9D-1CB7-4F34-BEFA-14D3463A696E}.Debug|x86.Build.0 = Debug|Any CPU
		{FAB48F9D-1CB7-4F34-BEFA-14D3463A696E}.Release|Any CPU.ActiveCfg = Release|Any CPU
		{FAB48F9D-1CB7-4F34-BEFA-14D3463A696E}.Release|Any CPU.Build.0 = Release|Any CPU
		{FAB48F9D-1CB7-4F34-BEFA-14D3463A696E}.Release|x64.ActiveCfg = Release|Any CPU
		{FAB48F9D-1CB7-4F34-BEFA-14D3463A696E}.Release|x64.Build.0 = Release|Any CPU
		{FAB48F9D-1CB7-4F34-BEFA-14D3463A696E}.Release|x86.ActiveCfg = Release|Any CPU
		{FAB48F9D-1CB7-4F34-BEFA-14D3463A696E}.Release|x86.Build.0 = Release|Any CPU
		{534779A1-0F8B-4868-9C66-CB0813D1BB2C}.Debug|Any CPU.ActiveCfg = Debug|Any CPU
		{534779A1-0F8B-4868-9C66-CB0813D1BB2C}.Debug|Any CPU.Build.0 = Debug|Any CPU
		{534779A1-0F8B-4868-9C66-CB0813D1BB2C}.Debug|x64.ActiveCfg = Debug|Any CPU
		{534779A1-0F8B-4868-9C66-CB0813D1BB2C}.Debug|x64.Build.0 = Debug|Any CPU
		{534779A1-0F8B-4868-9C66-CB0813D1BB2C}.Debug|x86.ActiveCfg = Debug|Any CPU
		{534779A1-0F8B-4868-9C66-CB0813D1BB2C}.Debug|x86.Build.0 = Debug|Any CPU
		{534779A1-0F8B-4868-9C66-CB0813D1BB2C}.Release|Any CPU.ActiveCfg = Release|Any CPU
		{534779A1-0F8B-4868-9C66-CB0813D1BB2C}.Release|Any CPU.Build.0 = Release|Any CPU
		{534779A1-0F8B-4868-9C66-CB0813D1BB2C}.Release|x64.ActiveCfg = Release|Any CPU
		{534779A1-0F8B-4868-9C66-CB0813D1BB2C}.Release|x64.Build.0 = Release|Any CPU
		{534779A1-0F8B-4868-9C66-CB0813D1BB2C}.Release|x86.ActiveCfg = Release|Any CPU
		{534779A1-0F8B-4868-9C66-CB0813D1BB2C}.Release|x86.Build.0 = Release|Any CPU
		{EB6CEE93-A394-41E9-893F-6B7A2C1E10C9}.Debug|Any CPU.ActiveCfg = Debug|Any CPU
		{EB6CEE93-A394-41E9-893F-6B7A2C1E10C9}.Debug|Any CPU.Build.0 = Debug|Any CPU
		{EB6CEE93-A394-41E9-893F-6B7A2C1E10C9}.Debug|x64.ActiveCfg = Debug|Any CPU
		{EB6CEE93-A394-41E9-893F-6B7A2C1E10C9}.Debug|x64.Build.0 = Debug|Any CPU
		{EB6CEE93-A394-41E9-893F-6B7A2C1E10C9}.Debug|x86.ActiveCfg = Debug|Any CPU
		{EB6CEE93-A394-41E9-893F-6B7A2C1E10C9}.Debug|x86.Build.0 = Debug|Any CPU
		{EB6CEE93-A394-41E9-893F-6B7A2C1E10C9}.Release|Any CPU.ActiveCfg = Release|Any CPU
		{EB6CEE93-A394-41E9-893F-6B7A2C1E10C9}.Release|Any CPU.Build.0 = Release|Any CPU
		{EB6CEE93-A394-41E9-893F-6B7A2C1E10C9}.Release|x64.ActiveCfg = Release|Any CPU
		{EB6CEE93-A394-41E9-893F-6B7A2C1E10C9}.Release|x64.Build.0 = Release|Any CPU
		{EB6CEE93-A394-41E9-893F-6B7A2C1E10C9}.Release|x86.ActiveCfg = Release|Any CPU
		{EB6CEE93-A394-41E9-893F-6B7A2C1E10C9}.Release|x86.Build.0 = Release|Any CPU
		{A3C131D2-1E74-4D61-B055-2963A516E43C}.Debug|Any CPU.ActiveCfg = Debug|Any CPU
		{A3C131D2-1E74-4D61-B055-2963A516E43C}.Debug|Any CPU.Build.0 = Debug|Any CPU
		{A3C131D2-1E74-4D61-B055-2963A516E43C}.Debug|x64.ActiveCfg = Debug|Any CPU
		{A3C131D2-1E74-4D61-B055-2963A516E43C}.Debug|x64.Build.0 = Debug|Any CPU
		{A3C131D2-1E74-4D61-B055-2963A516E43C}.Debug|x86.ActiveCfg = Debug|Any CPU
		{A3C131D2-1E74-4D61-B055-2963A516E43C}.Debug|x86.Build.0 = Debug|Any CPU
		{A3C131D2-1E74-4D61-B055-2963A516E43C}.Release|Any CPU.ActiveCfg = Release|Any CPU
		{A3C131D2-1E74-4D61-B055-2963A516E43C}.Release|Any CPU.Build.0 = Release|Any CPU
		{A3C131D2-1E74-4D61-B055-2963A516E43C}.Release|x64.ActiveCfg = Release|Any CPU
		{A3C131D2-1E74-4D61-B055-2963A516E43C}.Release|x64.Build.0 = Release|Any CPU
		{A3C131D2-1E74-4D61-B055-2963A516E43C}.Release|x86.ActiveCfg = Release|Any CPU
		{A3C131D2-1E74-4D61-B055-2963A516E43C}.Release|x86.Build.0 = Release|Any CPU
		{5DC4C692-EB33-4D91-9C54-FF340F44B63C}.Debug|Any CPU.ActiveCfg = Debug|Any CPU
		{5DC4C692-EB33-4D91-9C54-FF340F44B63C}.Debug|Any CPU.Build.0 = Debug|Any CPU
		{5DC4C692-EB33-4D91-9C54-FF340F44B63C}.Debug|x64.ActiveCfg = Debug|Any CPU
		{5DC4C692-EB33-4D91-9C54-FF340F44B63C}.Debug|x64.Build.0 = Debug|Any CPU
		{5DC4C692-EB33-4D91-9C54-FF340F44B63C}.Debug|x86.ActiveCfg = Debug|Any CPU
		{5DC4C692-EB33-4D91-9C54-FF340F44B63C}.Debug|x86.Build.0 = Debug|Any CPU
		{5DC4C692-EB33-4D91-9C54-FF340F44B63C}.Release|Any CPU.ActiveCfg = Release|Any CPU
		{5DC4C692-EB33-4D91-9C54-FF340F44B63C}.Release|Any CPU.Build.0 = Release|Any CPU
		{5DC4C692-EB33-4D91-9C54-FF340F44B63C}.Release|x64.ActiveCfg = Release|Any CPU
		{5DC4C692-EB33-4D91-9C54-FF340F44B63C}.Release|x64.Build.0 = Release|Any CPU
		{5DC4C692-EB33-4D91-9C54-FF340F44B63C}.Release|x86.ActiveCfg = Release|Any CPU
		{5DC4C692-EB33-4D91-9C54-FF340F44B63C}.Release|x86.Build.0 = Release|Any CPU
		{BABE672D-0A7E-46E2-A612-290F8101B0BA}.Debug|Any CPU.ActiveCfg = Debug|Any CPU
		{BABE672D-0A7E-46E2-A612-290F8101B0BA}.Debug|Any CPU.Build.0 = Debug|Any CPU
		{BABE672D-0A7E-46E2-A612-290F8101B0BA}.Debug|x64.ActiveCfg = Debug|Any CPU
		{BABE672D-0A7E-46E2-A612-290F8101B0BA}.Debug|x64.Build.0 = Debug|Any CPU
		{BABE672D-0A7E-46E2-A612-290F8101B0BA}.Debug|x86.ActiveCfg = Debug|Any CPU
		{BABE672D-0A7E-46E2-A612-290F8101B0BA}.Debug|x86.Build.0 = Debug|Any CPU
		{BABE672D-0A7E-46E2-A612-290F8101B0BA}.Release|Any CPU.ActiveCfg = Release|Any CPU
		{BABE672D-0A7E-46E2-A612-290F8101B0BA}.Release|Any CPU.Build.0 = Release|Any CPU
		{BABE672D-0A7E-46E2-A612-290F8101B0BA}.Release|x64.ActiveCfg = Release|Any CPU
		{BABE672D-0A7E-46E2-A612-290F8101B0BA}.Release|x64.Build.0 = Release|Any CPU
		{BABE672D-0A7E-46E2-A612-290F8101B0BA}.Release|x86.ActiveCfg = Release|Any CPU
		{BABE672D-0A7E-46E2-A612-290F8101B0BA}.Release|x86.Build.0 = Release|Any CPU
	EndGlobalSection
EndGlobal
