
Microsoft Visual Studio Solution File, Format Version 12.00
# Visual Studio 15
VisualStudioVersion = 15.0.28307.421
MinimumVisualStudioVersion = 10.0.40219.1
Project("{FAE04EC0-301F-11D3-BF4B-00C04F79EFBC}") = "Personal Titles", "Personal Titles\Personal Titles.csproj", "{A7B11116-4316-47EB-A065-84E7AFC13B6B}"
EndProject
Project("{FAE04EC0-301F-11D3-BF4B-00C04F79EFBC}") = "02 Small Shop", "02 Small Shop\02 Small Shop.csproj", "{278D8195-D225-4150-ADA1-93FC24448EFC}"
EndProject
Project("{FAE04EC0-301F-11D3-BF4B-00C04F79EFBC}") = "03 Point in Rectangle", "03 Point in Rectangle\03 Point in Rectangle.csproj", "{0D827B76-1331-4B03-94D8-3E278D7BBCBD}"
EndProject
Project("{FAE04EC0-301F-11D3-BF4B-00C04F79EFBC}") = "04 Fruit or Vegetable", "04 Fruit or Vegetable\04 Fruit or Vegetable.csproj", "{60CAB73D-3F7B-445E-8660-90FB80271210}"
EndProject
Project("{FAE04EC0-301F-11D3-BF4B-00C04F79EFBC}") = "09 Day of Week", "09 Day of Week\09 Day of Week.csproj", "{31B76351-C788-4902-B0B9-5FB7F924F070}"
EndProject
Project("{FAE04EC0-301F-11D3-BF4B-00C04F79EFBC}") = "10 Animal Type", "10 Animal Type\10 Animal Type.csproj", "{003A5F1D-D57E-445F-9E0F-4875C369CC37}"
EndProject
Project("{FAE04EC0-301F-11D3-BF4B-00C04F79EFBC}") = "Point-and-Rectangle", "Point-and-Rectangle\Point-and-Rectangle.csproj", "{4BF23BE0-3F4D-4EE7-8012-942C4D335816}"
EndProject
Project("{FAE04EC0-301F-11D3-BF4B-00C04F79EFBC}") = "05. Hotel Room", "05. Hotel Room\05. Hotel Room.csproj", "{F36171DA-39A8-4F56-94DA-67FC91A24C39}"
EndProject
Global
	GlobalSection(SolutionConfigurationPlatforms) = preSolution
		Debug|Any CPU = Debug|Any CPU
		Release|Any CPU = Release|Any CPU
	EndGlobalSection
	GlobalSection(ProjectConfigurationPlatforms) = postSolution
		{A7B11116-4316-47EB-A065-84E7AFC13B6B}.Debug|Any CPU.ActiveCfg = Debug|Any CPU
		{A7B11116-4316-47EB-A065-84E7AFC13B6B}.Debug|Any CPU.Build.0 = Debug|Any CPU
		{A7B11116-4316-47EB-A065-84E7AFC13B6B}.Release|Any CPU.ActiveCfg = Release|Any CPU
		{A7B11116-4316-47EB-A065-84E7AFC13B6B}.Release|Any CPU.Build.0 = Release|Any CPU
		{278D8195-D225-4150-ADA1-93FC24448EFC}.Debug|Any CPU.ActiveCfg = Debug|Any CPU
		{278D8195-D225-4150-ADA1-93FC24448EFC}.Debug|Any CPU.Build.0 = Debug|Any CPU
		{278D8195-D225-4150-ADA1-93FC24448EFC}.Release|Any CPU.ActiveCfg = Release|Any CPU
		{278D8195-D225-4150-ADA1-93FC24448EFC}.Release|Any CPU.Build.0 = Release|Any CPU
		{0D827B76-1331-4B03-94D8-3E278D7BBCBD}.Debug|Any CPU.ActiveCfg = Debug|Any CPU
		{0D827B76-1331-4B03-94D8-3E278D7BBCBD}.Debug|Any CPU.Build.0 = Debug|Any CPU
		{0D827B76-1331-4B03-94D8-3E278D7BBCBD}.Release|Any CPU.ActiveCfg = Release|Any CPU
		{0D827B76-1331-4B03-94D8-3E278D7BBCBD}.Release|Any CPU.Build.0 = Release|Any CPU
		{60CAB73D-3F7B-445E-8660-90FB80271210}.Debug|Any CPU.ActiveCfg = Debug|Any CPU
		{60CAB73D-3F7B-445E-8660-90FB80271210}.Debug|Any CPU.Build.0 = Debug|Any CPU
		{60CAB73D-3F7B-445E-8660-90FB80271210}.Release|Any CPU.ActiveCfg = Release|Any CPU
		{60CAB73D-3F7B-445E-8660-90FB80271210}.Release|Any CPU.Build.0 = Release|Any CPU
		{31B76351-C788-4902-B0B9-5FB7F924F070}.Debug|Any CPU.ActiveCfg = Debug|Any CPU
		{31B76351-C788-4902-B0B9-5FB7F924F070}.Debug|Any CPU.Build.0 = Debug|Any CPU
		{31B76351-C788-4902-B0B9-5FB7F924F070}.Release|Any CPU.ActiveCfg = Release|Any CPU
		{31B76351-C788-4902-B0B9-5FB7F924F070}.Release|Any CPU.Build.0 = Release|Any CPU
		{003A5F1D-D57E-445F-9E0F-4875C369CC37}.Debug|Any CPU.ActiveCfg = Debug|Any CPU
		{003A5F1D-D57E-445F-9E0F-4875C369CC37}.Debug|Any CPU.Build.0 = Debug|Any CPU
		{003A5F1D-D57E-445F-9E0F-4875C369CC37}.Release|Any CPU.ActiveCfg = Release|Any CPU
		{003A5F1D-D57E-445F-9E0F-4875C369CC37}.Release|Any CPU.Build.0 = Release|Any CPU
		{4BF23BE0-3F4D-4EE7-8012-942C4D335816}.Debug|Any CPU.ActiveCfg = Debug|Any CPU
		{4BF23BE0-3F4D-4EE7-8012-942C4D335816}.Debug|Any CPU.Build.0 = Debug|Any CPU
		{4BF23BE0-3F4D-4EE7-8012-942C4D335816}.Release|Any CPU.ActiveCfg = Release|Any CPU
		{4BF23BE0-3F4D-4EE7-8012-942C4D335816}.Release|Any CPU.Build.0 = Release|Any CPU
		{F36171DA-39A8-4F56-94DA-67FC91A24C39}.Debug|Any CPU.ActiveCfg = Debug|Any CPU
		{F36171DA-39A8-4F56-94DA-67FC91A24C39}.Debug|Any CPU.Build.0 = Debug|Any CPU
		{F36171DA-39A8-4F56-94DA-67FC91A24C39}.Release|Any CPU.ActiveCfg = Release|Any CPU
		{F36171DA-39A8-4F56-94DA-67FC91A24C39}.Release|Any CPU.Build.0 = Release|Any CPU
	EndGlobalSection
	GlobalSection(SolutionProperties) = preSolution
		HideSolutionNode = FALSE
	EndGlobalSection
	GlobalSection(ExtensibilityGlobals) = postSolution
		SolutionGuid = {92AA33A1-AD82-4221-AA24-EDBA9572321C}
	EndGlobalSection
EndGlobal
