
Microsoft Visual Studio Solution File, Format Version 12.00
# Visual Studio 15
VisualStudioVersion = 15.0.28307.421
MinimumVisualStudioVersion = 10.0.40219.1
Project("{9A19103F-16F7-4668-BE54-9A1E7A4F7556}") = "02. Magic Dates", "02. Magic Dates\02. Magic Dates.csproj", "{7BD13339-B240-4602-A126-50BB8D5A629E}"
EndProject
Project("{FAE04EC0-301F-11D3-BF4B-00C04F79EFBC}") = "03. Five Special Letters", "03. Five Special Letters\03. Five Special Letters.csproj", "{DA9A078C-7B48-4352-9AA1-635A49EC7873}"
EndProject
Global
	GlobalSection(SolutionConfigurationPlatforms) = preSolution
		Debug|Any CPU = Debug|Any CPU
		Release|Any CPU = Release|Any CPU
	EndGlobalSection
	GlobalSection(ProjectConfigurationPlatforms) = postSolution
		{7BD13339-B240-4602-A126-50BB8D5A629E}.Debug|Any CPU.ActiveCfg = Debug|Any CPU
		{7BD13339-B240-4602-A126-50BB8D5A629E}.Debug|Any CPU.Build.0 = Debug|Any CPU
		{7BD13339-B240-4602-A126-50BB8D5A629E}.Release|Any CPU.ActiveCfg = Release|Any CPU
		{7BD13339-B240-4602-A126-50BB8D5A629E}.Release|Any CPU.Build.0 = Release|Any CPU
		{DA9A078C-7B48-4352-9AA1-635A49EC7873}.Debug|Any CPU.ActiveCfg = Debug|Any CPU
		{DA9A078C-7B48-4352-9AA1-635A49EC7873}.Debug|Any CPU.Build.0 = Debug|Any CPU
		{DA9A078C-7B48-4352-9AA1-635A49EC7873}.Release|Any CPU.ActiveCfg = Release|Any CPU
		{DA9A078C-7B48-4352-9AA1-635A49EC7873}.Release|Any CPU.Build.0 = Release|Any CPU
	EndGlobalSection
	GlobalSection(SolutionProperties) = preSolution
		HideSolutionNode = FALSE
	EndGlobalSection
	GlobalSection(ExtensibilityGlobals) = postSolution
		SolutionGuid = {3933630A-E287-405F-B6D0-11A8CBD2ECB0}
	EndGlobalSection
EndGlobal
