
Microsoft Visual Studio Solution File, Format Version 12.00
# Visual Studio 15
VisualStudioVersion = 15.0.28307.421
MinimumVisualStudioVersion = 10.0.40219.1
Project("{FAE04EC0-301F-11D3-BF4B-00C04F79EFBC}") = "13. Enter Even Number (with Text Input)", "13. Enter Even Number (with Text Input)\13. Enter Even Number (with Text Input).csproj", "{3A8FAB9B-241F-4036-9AA6-6B0E0EE06D7C}"
EndProject
Global
	GlobalSection(SolutionConfigurationPlatforms) = preSolution
		Debug|Any CPU = Debug|Any CPU
		Release|Any CPU = Release|Any CPU
	EndGlobalSection
	GlobalSection(ProjectConfigurationPlatforms) = postSolution
		{3A8FAB9B-241F-4036-9AA6-6B0E0EE06D7C}.Debug|Any CPU.ActiveCfg = Debug|Any CPU
		{3A8FAB9B-241F-4036-9AA6-6B0E0EE06D7C}.Debug|Any CPU.Build.0 = Debug|Any CPU
		{3A8FAB9B-241F-4036-9AA6-6B0E0EE06D7C}.Release|Any CPU.ActiveCfg = Release|Any CPU
		{3A8FAB9B-241F-4036-9AA6-6B0E0EE06D7C}.Release|Any CPU.Build.0 = Release|Any CPU
	EndGlobalSection
	GlobalSection(SolutionProperties) = preSolution
		HideSolutionNode = FALSE
	EndGlobalSection
	GlobalSection(ExtensibilityGlobals) = postSolution
		SolutionGuid = {3E80491E-20E9-4E50-9D3B-9348CEF4B416}
	EndGlobalSection
EndGlobal
