
Microsoft Visual Studio Solution File, Format Version 12.00
# Visual Studio Version 17
VisualStudioVersion = 17.5.33516.290
MinimumVisualStudioVersion = 10.0.40219.1
Project("{FAE04EC0-301F-11D3-BF4B-00C04F79EFBC}") = "Eventures", "Eventures\Eventures.csproj", "{680EB701-2309-40E1-B550-3F7EBF48E1DA}"
EndProject
Project("{FAE04EC0-301F-11D3-BF4B-00C04F79EFBC}") = "Domain", "Domain\Domain.csproj", "{2F0DA1E8-645B-4C7B-89E6-FD2DD3EDD3CF}"
EndProject
Global
	GlobalSection(SolutionConfigurationPlatforms) = preSolution
		Debug|Any CPU = Debug|Any CPU
		Release|Any CPU = Release|Any CPU
	EndGlobalSection
	GlobalSection(ProjectConfigurationPlatforms) = postSolution
		{680EB701-2309-40E1-B550-3F7EBF48E1DA}.Debug|Any CPU.ActiveCfg = Debug|Any CPU
		{680EB701-2309-40E1-B550-3F7EBF48E1DA}.Debug|Any CPU.Build.0 = Debug|Any CPU
		{680EB701-2309-40E1-B550-3F7EBF48E1DA}.Release|Any CPU.ActiveCfg = Release|Any CPU
		{680EB701-2309-40E1-B550-3F7EBF48E1DA}.Release|Any CPU.Build.0 = Release|Any CPU
		{2F0DA1E8-645B-4C7B-89E6-FD2DD3EDD3CF}.Debug|Any CPU.ActiveCfg = Debug|Any CPU
		{2F0DA1E8-645B-4C7B-89E6-FD2DD3EDD3CF}.Debug|Any CPU.Build.0 = Debug|Any CPU
		{2F0DA1E8-645B-4C7B-89E6-FD2DD3EDD3CF}.Release|Any CPU.ActiveCfg = Release|Any CPU
		{2F0DA1E8-645B-4C7B-89E6-FD2DD3EDD3CF}.Release|Any CPU.Build.0 = Release|Any CPU
	EndGlobalSection
	GlobalSection(SolutionProperties) = preSolution
		HideSolutionNode = FALSE
	EndGlobalSection
	GlobalSection(ExtensibilityGlobals) = postSolution
		SolutionGuid = {9AC5B92F-C835-4395-A3C0-EDC3FDED62C7}
	EndGlobalSection
EndGlobal
