
Microsoft Visual Studio Solution File, Format Version 12.00
# Visual Studio 15
VisualStudioVersion = 15.0.28307.421
MinimumVisualStudioVersion = 10.0.40219.1
Project("{FAE04EC0-301F-11D3-BF4B-00C04F79EFBC}") = "01. Numbers Ending in 7", "01. Numbers Ending in 7\01. Numbers Ending in 7.csproj", "{6111A97E-6AD9-4231-98B9-8B1BC78F5E7B}"
EndProject
Global
	GlobalSection(SolutionConfigurationPlatforms) = preSolution
		Debug|Any CPU = Debug|Any CPU
		Release|Any CPU = Release|Any CPU
	EndGlobalSection
	GlobalSection(ProjectConfigurationPlatforms) = postSolution
		{6111A97E-6AD9-4231-98B9-8B1BC78F5E7B}.Debug|Any CPU.ActiveCfg = Debug|Any CPU
		{6111A97E-6AD9-4231-98B9-8B1BC78F5E7B}.Debug|Any CPU.Build.0 = Debug|Any CPU
		{6111A97E-6AD9-4231-98B9-8B1BC78F5E7B}.Release|Any CPU.ActiveCfg = Release|Any CPU
		{6111A97E-6AD9-4231-98B9-8B1BC78F5E7B}.Release|Any CPU.Build.0 = Release|Any CPU
	EndGlobalSection
	GlobalSection(SolutionProperties) = preSolution
		HideSolutionNode = FALSE
	EndGlobalSection
	GlobalSection(ExtensibilityGlobals) = postSolution
		SolutionGuid = {F490E50A-0788-4B73-800B-6A4513D630BE}
	EndGlobalSection
EndGlobal
