
Microsoft Visual Studio Solution File, Format Version 12.00
# Visual Studio Version 17
VisualStudioVersion = 17.5.33516.290
MinimumVisualStudioVersion = 10.0.40219.1
Project("{9A19103F-16F7-4668-BE54-9A1E7A4F7556}") = "PandaApp", "PandaApp\PandaApp.csproj", "{38AF5E2A-6F27-4A10-9AE0-8F70C267FF33}"
EndProject
Project("{9A19103F-16F7-4668-BE54-9A1E7A4F7556}") = "Panda.Domain", "Panda.Domain\Panda.Domain.csproj", "{A07B5C9C-6144-4D46-AAE9-3F681471FCC9}"
EndProject
Global
	GlobalSection(SolutionConfigurationPlatforms) = preSolution
		Debug|Any CPU = Debug|Any CPU
		Release|Any CPU = Release|Any CPU
	EndGlobalSection
	GlobalSection(ProjectConfigurationPlatforms) = postSolution
		{38AF5E2A-6F27-4A10-9AE0-8F70C267FF33}.Debug|Any CPU.ActiveCfg = Debug|Any CPU
		{38AF5E2A-6F27-4A10-9AE0-8F70C267FF33}.Debug|Any CPU.Build.0 = Debug|Any CPU
		{38AF5E2A-6F27-4A10-9AE0-8F70C267FF33}.Release|Any CPU.ActiveCfg = Release|Any CPU
		{38AF5E2A-6F27-4A10-9AE0-8F70C267FF33}.Release|Any CPU.Build.0 = Release|Any CPU
		{A07B5C9C-6144-4D46-AAE9-3F681471FCC9}.Debug|Any CPU.ActiveCfg = Debug|Any CPU
		{A07B5C9C-6144-4D46-AAE9-3F681471FCC9}.Debug|Any CPU.Build.0 = Debug|Any CPU
		{A07B5C9C-6144-4D46-AAE9-3F681471FCC9}.Release|Any CPU.ActiveCfg = Release|Any CPU
		{A07B5C9C-6144-4D46-AAE9-3F681471FCC9}.Release|Any CPU.Build.0 = Release|Any CPU
	EndGlobalSection
	GlobalSection(SolutionProperties) = preSolution
		HideSolutionNode = FALSE
	EndGlobalSection
	GlobalSection(ExtensibilityGlobals) = postSolution
		SolutionGuid = {AB429850-10C3-451F-B7A9-D17516A11D8B}
	EndGlobalSection
EndGlobal
