
Microsoft Visual Studio Solution File, Format Version 12.00
# Visual Studio 15
VisualStudioVersion = 15.0.28307.421
MinimumVisualStudioVersion = 10.0.40219.1
Project("{FAE04EC0-301F-11D3-BF4B-00C04F79EFBC}") = "01. Crossing sequences", "01. Crossing sequences\01. Crossing sequences.csproj", "{135ED94C-F1CC-4567-9483-4394B59339E6}"
EndProject
Global
	GlobalSection(SolutionConfigurationPlatforms) = preSolution
		Debug|Any CPU = Debug|Any CPU
		Release|Any CPU = Release|Any CPU
	EndGlobalSection
	GlobalSection(ProjectConfigurationPlatforms) = postSolution
		{135ED94C-F1CC-4567-9483-4394B59339E6}.Debug|Any CPU.ActiveCfg = Debug|Any CPU
		{135ED94C-F1CC-4567-9483-4394B59339E6}.Debug|Any CPU.Build.0 = Debug|Any CPU
		{135ED94C-F1CC-4567-9483-4394B59339E6}.Release|Any CPU.ActiveCfg = Release|Any CPU
		{135ED94C-F1CC-4567-9483-4394B59339E6}.Release|Any CPU.Build.0 = Release|Any CPU
	EndGlobalSection
	GlobalSection(SolutionProperties) = preSolution
		HideSolutionNode = FALSE
	EndGlobalSection
	GlobalSection(ExtensibilityGlobals) = postSolution
		SolutionGuid = {5ECFD599-4090-4CE9-B873-E5B60F1DB8D0}
	EndGlobalSection
EndGlobal
