
Microsoft Visual Studio Solution File, Format Version 12.00
# Visual Studio 15
VisualStudioVersion = 15.0.28307.421
MinimumVisualStudioVersion = 10.0.40219.1
Project("{FAE04EC0-301F-11D3-BF4B-00C04F79EFBC}") = "06. Letters Combinations", "06. Letters Combinations\06. Letters Combinations.csproj", "{921DE1DC-E0BA-49A4-ACB9-9A4CF324A2B7}"
EndProject
Global
	GlobalSection(SolutionConfigurationPlatforms) = preSolution
		Debug|Any CPU = Debug|Any CPU
		Release|Any CPU = Release|Any CPU
	EndGlobalSection
	GlobalSection(ProjectConfigurationPlatforms) = postSolution
		{921DE1DC-E0BA-49A4-ACB9-9A4CF324A2B7}.Debug|Any CPU.ActiveCfg = Debug|Any CPU
		{921DE1DC-E0BA-49A4-ACB9-9A4CF324A2B7}.Debug|Any CPU.Build.0 = Debug|Any CPU
		{921DE1DC-E0BA-49A4-ACB9-9A4CF324A2B7}.Release|Any CPU.ActiveCfg = Release|Any CPU
		{921DE1DC-E0BA-49A4-ACB9-9A4CF324A2B7}.Release|Any CPU.Build.0 = Release|Any CPU
	EndGlobalSection
	GlobalSection(SolutionProperties) = preSolution
		HideSolutionNode = FALSE
	EndGlobalSection
	GlobalSection(ExtensibilityGlobals) = postSolution
		SolutionGuid = {180AC650-C24E-4B25-A7B9-CC6425BF9FC8}
	EndGlobalSection
EndGlobal
