
Microsoft Visual Studio Solution File, Format Version 12.00
# Visual Studio Version 17
VisualStudioVersion = 17.2.32630.192
MinimumVisualStudioVersion = 10.0.40219.1
Project("{9A19103F-16F7-4668-BE54-9A1E7A4F7556}") = "AsynchronousProcessing", "AsynchronousProcessing\AsynchronousProcessing.csproj", "{F6FEA88B-3835-4D47-AE45-28BCCE7BA1D1}"
EndProject
Project("{FAE04EC0-301F-11D3-BF4B-00C04F79EFBC}") = "Primes", "Primes\Primes.csproj", "{4C96E2E3-2D2D-4ED8-BE41-C03F19B913E0}"
EndProject
Global
	GlobalSection(SolutionConfigurationPlatforms) = preSolution
		Debug|Any CPU = Debug|Any CPU
		Release|Any CPU = Release|Any CPU
	EndGlobalSection
	GlobalSection(ProjectConfigurationPlatforms) = postSolution
		{F6FEA88B-3835-4D47-AE45-28BCCE7BA1D1}.Debug|Any CPU.ActiveCfg = Debug|Any CPU
		{F6FEA88B-3835-4D47-AE45-28BCCE7BA1D1}.Debug|Any CPU.Build.0 = Debug|Any CPU
		{F6FEA88B-3835-4D47-AE45-28BCCE7BA1D1}.Release|Any CPU.ActiveCfg = Release|Any CPU
		{F6FEA88B-3835-4D47-AE45-28BCCE7BA1D1}.Release|Any CPU.Build.0 = Release|Any CPU
		{4C96E2E3-2D2D-4ED8-BE41-C03F19B913E0}.Debug|Any CPU.ActiveCfg = Debug|Any CPU
		{4C96E2E3-2D2D-4ED8-BE41-C03F19B913E0}.Debug|Any CPU.Build.0 = Debug|Any CPU
		{4C96E2E3-2D2D-4ED8-BE41-C03F19B913E0}.Release|Any CPU.ActiveCfg = Release|Any CPU
		{4C96E2E3-2D2D-4ED8-BE41-C03F19B913E0}.Release|Any CPU.Build.0 = Release|Any CPU
	EndGlobalSection
	GlobalSection(SolutionProperties) = preSolution
		HideSolutionNode = FALSE
	EndGlobalSection
	GlobalSection(ExtensibilityGlobals) = postSolution
		SolutionGuid = {DB40EB5B-E2D8-423D-AC8D-24CC9E4790C2}
	EndGlobalSection
EndGlobal
